
Microsoft Visual Studio Solution File, Format Version 12.00
# Visual Studio Version 16
VisualStudioVersion = 16.0.32228.343
MinimumVisualStudioVersion = 10.0.40219.1
Project("{FAE04EC0-301F-11D3-BF4B-00C04F79EFBC}") = "OrderItem", "OrderItem.csproj", "{2519FD40-D4FA-4379-899B-E4B32C109027}"
EndProject
Global
	GlobalSection(SolutionConfigurationPlatforms) = preSolution
		Debug|Any CPU = Debug|Any CPU
		Release|Any CPU = Release|Any CPU
	EndGlobalSection
	GlobalSection(ProjectConfigurationPlatforms) = postSolution
		{2519FD40-D4FA-4379-899B-E4B32C109027}.Debug|Any CPU.ActiveCfg = Debug|Any CPU
		{2519FD40-D4FA-4379-899B-E4B32C109027}.Debug|Any CPU.Build.0 = Debug|Any CPU
		{2519FD40-D4FA-4379-899B-E4B32C109027}.Release|Any CPU.ActiveCfg = Release|Any CPU
		{2519FD40-D4FA-4379-899B-E4B32C109027}.Release|Any CPU.Build.0 = Release|Any CPU
	EndGlobalSection
	GlobalSection(SolutionProperties) = preSolution
		HideSolutionNode = FALSE
	EndGlobalSection
	GlobalSection(ExtensibilityGlobals) = postSolution
		SolutionGuid = {8258EF60-3322-4D6E-9B18-FDCAA7373166}
	EndGlobalSection
EndGlobal
